Microsoft Visual Studio Solution File, Format Version 12.00
# Visual Studio Version 17
VisualStudioVersion = 17.5.2.0
MinimumVisualStudioVersion = 10.0.40219.1
Project("{FAE04EC0-301F-11D3-BF4B-00C04F79EFBC}") = "SchedulerApp", "SchedulerApp.csproj", "{4604AC42-C83B-5449-D587-C807DEE5042B}"
EndProject
Global
	GlobalSection(SolutionConfigurationPlatforms) = preSolution
		Debug|Any CPU = Debug|Any CPU
		Release|Any CPU = Release|Any CPU
	EndGlobalSection
	GlobalSection(ProjectConfigurationPlatforms) = postSolution
		{4604AC42-C83B-5449-D587-C807DEE5042B}.Debug|Any CPU.ActiveCfg = Debug|Any CPU
		{4604AC42-C83B-5449-D587-C807DEE5042B}.Debug|Any CPU.Build.0 = Debug|Any CPU
		{4604AC42-C83B-5449-D587-C807DEE5042B}.Release|Any CPU.ActiveCfg = Release|Any CPU
		{4604AC42-C83B-5449-D587-C807DEE5042B}.Release|Any CPU.Build.0 = Release|Any CPU
	EndGlobalSection
	GlobalSection(SolutionProperties) = preSolution
		HideSolutionNode = FALSE
	EndGlobalSection
	GlobalSection(ExtensibilityGlobals) = postSolution
		SolutionGuid = {FBDBA21B-98CC-4F95-B33B-1C675AB1568F}
	EndGlobalSection
EndGlobal
